
Microsoft Visual Studio Solution File, Format Version 12.00
# Visual Studio Version 16
VisualStudioVersion = 16.0.33027.164
MinimumVisualStudioVersion = 10.0.40219.1
Project("{FAE04EC0-301F-11D3-BF4B-00C04F79EFBC}") = "exercicioCalculadora", "exercicioCalculadora.csproj", "{C0EFC0C7-2603-47E2-B1DD-2EB779108AE5}"
EndProject
Global
	GlobalSection(SolutionConfigurationPlatforms) = preSolution
		Debug|Any CPU = Debug|Any CPU
		Release|Any CPU = Release|Any CPU
	EndGlobalSection
	GlobalSection(ProjectConfigurationPlatforms) = postSolution
		{C0EFC0C7-2603-47E2-B1DD-2EB779108AE5}.Debug|Any CPU.ActiveCfg = Debug|Any CPU
		{C0EFC0C7-2603-47E2-B1DD-2EB779108AE5}.Debug|Any CPU.Build.0 = Debug|Any CPU
		{C0EFC0C7-2603-47E2-B1DD-2EB779108AE5}.Release|Any CPU.ActiveCfg = Release|Any CPU
		{C0EFC0C7-2603-47E2-B1DD-2EB779108AE5}.Release|Any CPU.Build.0 = Release|Any CPU
	EndGlobalSection
	GlobalSection(SolutionProperties) = preSolution
		HideSolutionNode = FALSE
	EndGlobalSection
	GlobalSection(ExtensibilityGlobals) = postSolution
		SolutionGuid = {EC741654-7571-4281-8705-418CD8D3A9CA}
	EndGlobalSection
EndGlobal
